
Microsoft Visual Studio Solution File, Format Version 12.00
# Visual Studio Version 17
VisualStudioVersion = 17.7.34018.315
MinimumVisualStudioVersion = 10.0.40219.1
Project("{FAE04EC0-301F-11D3-BF4B-00C04F79EFBC}") = "villkor&loopar", "villkor&loopar\villkor&loopar.csproj", "{C527C351-791C-49DE-A35E-C83BCB7D3410}"
EndProject
Project("{FAE04EC0-301F-11D3-BF4B-00C04F79EFBC}") = "Övning1", "Övning1\Övning1.csproj", "{19B74C56-1FBA-4BB5-BF48-C28C2E9671F6}"
EndProject
Project("{FAE04EC0-301F-11D3-BF4B-00C04F79EFBC}") = "Övning2", "Övning2\Övning2.csproj", "{A5EB95DA-9258-4C93-BA6A-CA2C417C342F}"
EndProject
Project("{FAE04EC0-301F-11D3-BF4B-00C04F79EFBC}") = "Övning3", "Övning3\Övning3.csproj", "{389DADE9-1644-41FC-B1C1-E98C14B2958C}"
EndProject
Project("{FAE04EC0-301F-11D3-BF4B-00C04F79EFBC}") = "öving5", "öving5\öving5.csproj", "{BAC3C9C6-D2F5-4C60-9F79-B1B110822040}"
EndProject
Global
	GlobalSection(SolutionConfigurationPlatforms) = preSolution
		Debug|Any CPU = Debug|Any CPU
		Release|Any CPU = Release|Any CPU
	EndGlobalSection
	GlobalSection(ProjectConfigurationPlatforms) = postSolution
		{C527C351-791C-49DE-A35E-C83BCB7D3410}.Debug|Any CPU.ActiveCfg = Debug|Any CPU
		{C527C351-791C-49DE-A35E-C83BCB7D3410}.Debug|Any CPU.Build.0 = Debug|Any CPU
		{C527C351-791C-49DE-A35E-C83BCB7D3410}.Release|Any CPU.ActiveCfg = Release|Any CPU
		{C527C351-791C-49DE-A35E-C83BCB7D3410}.Release|Any CPU.Build.0 = Release|Any CPU
		{19B74C56-1FBA-4BB5-BF48-C28C2E9671F6}.Debug|Any CPU.ActiveCfg = Debug|Any CPU
		{19B74C56-1FBA-4BB5-BF48-C28C2E9671F6}.Debug|Any CPU.Build.0 = Debug|Any CPU
		{19B74C56-1FBA-4BB5-BF48-C28C2E9671F6}.Release|Any CPU.ActiveCfg = Release|Any CPU
		{19B74C56-1FBA-4BB5-BF48-C28C2E9671F6}.Release|Any CPU.Build.0 = Release|Any CPU
		{A5EB95DA-9258-4C93-BA6A-CA2C417C342F}.Debug|Any CPU.ActiveCfg = Debug|Any CPU
		{A5EB95DA-9258-4C93-BA6A-CA2C417C342F}.Debug|Any CPU.Build.0 = Debug|Any CPU
		{A5EB95DA-9258-4C93-BA6A-CA2C417C342F}.Release|Any CPU.ActiveCfg = Release|Any CPU
		{A5EB95DA-9258-4C93-BA6A-CA2C417C342F}.Release|Any CPU.Build.0 = Release|Any CPU
		{389DADE9-1644-41FC-B1C1-E98C14B2958C}.Debug|Any CPU.ActiveCfg = Debug|Any CPU
		{389DADE9-1644-41FC-B1C1-E98C14B2958C}.Debug|Any CPU.Build.0 = Debug|Any CPU
		{389DADE9-1644-41FC-B1C1-E98C14B2958C}.Release|Any CPU.ActiveCfg = Release|Any CPU
		{389DADE9-1644-41FC-B1C1-E98C14B2958C}.Release|Any CPU.Build.0 = Release|Any CPU
		{BAC3C9C6-D2F5-4C60-9F79-B1B110822040}.Debug|Any CPU.ActiveCfg = Debug|Any CPU
		{BAC3C9C6-D2F5-4C60-9F79-B1B110822040}.Debug|Any CPU.Build.0 = Debug|Any CPU
		{BAC3C9C6-D2F5-4C60-9F79-B1B110822040}.Release|Any CPU.ActiveCfg = Release|Any CPU
		{BAC3C9C6-D2F5-4C60-9F79-B1B110822040}.Release|Any CPU.Build.0 = Release|Any CPU
	EndGlobalSection
	GlobalSection(SolutionProperties) = preSolution
		HideSolutionNode = FALSE
	EndGlobalSection
	GlobalSection(ExtensibilityGlobals) = postSolution
		SolutionGuid = {45F73063-7221-41A7-8E60-D11817E9D078}
	EndGlobalSection
EndGlobal
